
Microsoft Visual Studio Solution File, Format Version 12.00
# Visual Studio Express 15 for Windows Desktop
VisualStudioVersion = 15.0.28010.2050
MinimumVisualStudioVersion = 10.0.40219.1
Project("{FAE04EC0-301F-11D3-BF4B-00C04F79EFBC}") = "BLL", "EslemButik\BLL.csproj", "{9C0FF87F-1BBD-43DE-80F0-5CE449AACAF6}"
EndProject
Project("{FAE04EC0-301F-11D3-BF4B-00C04F79EFBC}") = "DAL", "DAL\DAL.csproj", "{F201B56C-3234-41FA-9C41-F50350AA600B}"
EndProject
Project("{FAE04EC0-301F-11D3-BF4B-00C04F79EFBC}") = "UI", "UI\UI.csproj", "{8558C9EF-636D-47BD-BF7C-876FCBB37388}"
EndProject
Global
	GlobalSection(SolutionConfigurationPlatforms) = preSolution
		Debug|Any CPU = Debug|Any CPU
		Release|Any CPU = Release|Any CPU
	EndGlobalSection
	GlobalSection(ProjectConfigurationPlatforms) = postSolution
		{9C0FF87F-1BBD-43DE-80F0-5CE449AACAF6}.Debug|Any CPU.ActiveCfg = Debug|Any CPU
		{9C0FF87F-1BBD-43DE-80F0-5CE449AACAF6}.Debug|Any CPU.Build.0 = Debug|Any CPU
		{9C0FF87F-1BBD-43DE-80F0-5CE449AACAF6}.Release|Any CPU.ActiveCfg = Release|Any CPU
		{9C0FF87F-1BBD-43DE-80F0-5CE449AACAF6}.Release|Any CPU.Build.0 = Release|Any CPU
		{F201B56C-3234-41FA-9C41-F50350AA600B}.Debug|Any CPU.ActiveCfg = Debug|Any CPU
		{F201B56C-3234-41FA-9C41-F50350AA600B}.Debug|Any CPU.Build.0 = Debug|Any CPU
		{F201B56C-3234-41FA-9C41-F50350AA600B}.Release|Any CPU.ActiveCfg = Release|Any CPU
		{F201B56C-3234-41FA-9C41-F50350AA600B}.Release|Any CPU.Build.0 = Release|Any CPU
		{8558C9EF-636D-47BD-BF7C-876FCBB37388}.Debug|Any CPU.ActiveCfg = Debug|Any CPU
		{8558C9EF-636D-47BD-BF7C-876FCBB37388}.Debug|Any CPU.Build.0 = Debug|Any CPU
		{8558C9EF-636D-47BD-BF7C-876FCBB37388}.Release|Any CPU.ActiveCfg = Release|Any CPU
		{8558C9EF-636D-47BD-BF7C-876FCBB37388}.Release|Any CPU.Build.0 = Release|Any CPU
	EndGlobalSection
	GlobalSection(SolutionProperties) = preSolution
		HideSolutionNode = FALSE
	EndGlobalSection
	GlobalSection(ExtensibilityGlobals) = postSolution
		SolutionGuid = {4C608F2F-A588-41FB-A4F1-5F255B4C081E}
	EndGlobalSection
EndGlobal
